# This file is automatically @generated by Cargo.
# It is not intended for manual editing.
version = 3

[[package]]
name = "anyhow"
version = "1.0.97"
source = "registry+https://github.com/rust-lang/crates.io-index"
checksum = "dcfed56ad506cb2c684a14971b8861fdc3baaaae314b9e5f9bb532cbe3ba7a4f"

[[package]]
name = "snmp"
version = "0.2.2"
source = "registry+https://github.com/rust-lang/crates.io-index"
checksum = "ff2a575449a5c487091e541c0cb4ccd83620167fd52363f816fe28f6f357fc00"

[[package]]
name = "switch-vlan-diagram"
version = "0.1.0"
dependencies = [
 "anyhow",
 "snmp",
]
